{
  "name": "AllPlast",
  "lockfileVersion": 2,
  "requires": true,
  "packages": {
    "": {
      "dependencies": {
        "daisyui": "^1.24.2"
      }
    },
    "node_modules/daisyui": {
      "version": "1.24.2",
      "resolved": "https://registry.npmjs.org/daisyui/-/daisyui-1.24.2.tgz",
      "integrity": "sha512-c3/YjwPSObJ/ibmQhcD97DOccIDn6+p9A3xqQ5y1bCGZQ1tJ4YVWHJ6HdZ7NCXDj+p7nbSv/pLyfri7zmgPTew=="
    }
  },
  "dependencies": {
    "daisyui": {
      "version": "1.24.2",
      "resolved": "https://registry.npmjs.org/daisyui/-/daisyui-1.24.2.tgz",
      "integrity": "sha512-c3/YjwPSObJ/ibmQhcD97DOccIDn6+p9A3xqQ5y1bCGZQ1tJ4YVWHJ6HdZ7NCXDj+p7nbSv/pLyfri7zmgPTew=="
    }
  }
}
